schema: '2.0'
stages:
  train:
    cmd: python train_model.py
    deps:
    - path: data/titanic.csv
      hash: md5
      md5: 2309cc5f04782ed9bb6016d9f4e381cf
      size: 61194
      isexec: true
    - path: train_model.py
      hash: md5
      md5: 75e62471335300750fed0fbb4af4c94c
      size: 4728
    outs:
    - path: models/model.pkl
      hash: md5
      md5: 7ed2957535d99914d10ea4eb088e8e0a
      size: 4030
