schema: '2.0'
stages:
  train:
    cmd: python train_model.py
    deps:
    - path: data/titanic.csv
      hash: md5
      md5: 2309cc5f04782ed9bb6016d9f4e381cf
      size: 61194
      isexec: true
    - path: train_model.py
      hash: md5
      md5: 2925491f5120bc5d10b5974c6e3226fd
      size: 3917
      isexec: true
    outs:
    - path: models/model.pkl
      hash: md5
      md5: 4052e899fcc80cf15873cca29f586e02
      size: 1873737
